
Microsoft Visual Studio Solution File, Format Version 12.00
# Visual Studio Version 17
VisualStudioVersion = 17.10.35027.167
MinimumVisualStudioVersion = 10.0.40219.1
Project("{FAE04EC0-301F-11D3-BF4B-00C04F79EFBC}") = "FoodDeliveryApp", "FoodDeliveryApp.csproj", "{75331FB2-EAAD-4DA1-957E-5C16D3BA1D0E}"
EndProject
Project("{FAE04EC0-301F-11D3-BF4B-00C04F79EFBC}") = "FoodDelivery.Models", "..\FoodDelivery.Models\FoodDelivery.Models.csproj", "{121CC9DD-705E-4C4E-B2DB-8DB191C17AD2}"
EndProject
Project("{FAE04EC0-301F-11D3-BF4B-00C04F79EFBC}") = "FoodDelivery.Data", "..\FoodDelivery.Data\FoodDelivery.Data.csproj", "{ED81A668-BBC7-477F-8DD7-CF7620D4C6F3}"
EndProject
Project("{FAE04EC0-301F-11D3-BF4B-00C04F79EFBC}") = "FoodDelivery.Services", "..\FoodDelivery.Services\FoodDelivery.Services.csproj", "{04ED367F-5AAD-4C49-8F2C-1CD78307A9F4}"
EndProject
Project("{FAE04EC0-301F-11D3-BF4B-00C04F79EFBC}") = "Fooddelivery.API", "..\Fooddelivery.API\Fooddelivery.API.csproj", "{EE6E7CE0-ED04-47CE-995B-613C99539AA7}"
EndProject
Global
	GlobalSection(SolutionConfigurationPlatforms) = preSolution
		Debug|Any CPU = Debug|Any CPU
		Release|Any CPU = Release|Any CPU
	EndGlobalSection
	GlobalSection(ProjectConfigurationPlatforms) = postSolution
		{75331FB2-EAAD-4DA1-957E-5C16D3BA1D0E}.Debug|Any CPU.ActiveCfg = Debug|Any CPU
		{75331FB2-EAAD-4DA1-957E-5C16D3BA1D0E}.Debug|Any CPU.Build.0 = Debug|Any CPU
		{75331FB2-EAAD-4DA1-957E-5C16D3BA1D0E}.Release|Any CPU.ActiveCfg = Release|Any CPU
		{75331FB2-EAAD-4DA1-957E-5C16D3BA1D0E}.Release|Any CPU.Build.0 = Release|Any CPU
		{121CC9DD-705E-4C4E-B2DB-8DB191C17AD2}.Debug|Any CPU.ActiveCfg = Debug|Any CPU
		{121CC9DD-705E-4C4E-B2DB-8DB191C17AD2}.Debug|Any CPU.Build.0 = Debug|Any CPU
		{121CC9DD-705E-4C4E-B2DB-8DB191C17AD2}.Release|Any CPU.ActiveCfg = Release|Any CPU
		{121CC9DD-705E-4C4E-B2DB-8DB191C17AD2}.Release|Any CPU.Build.0 = Release|Any CPU
		{ED81A668-BBC7-477F-8DD7-CF7620D4C6F3}.Debug|Any CPU.ActiveCfg = Debug|Any CPU
		{ED81A668-BBC7-477F-8DD7-CF7620D4C6F3}.Debug|Any CPU.Build.0 = Debug|Any CPU
		{ED81A668-BBC7-477F-8DD7-CF7620D4C6F3}.Release|Any CPU.ActiveCfg = Release|Any CPU
		{ED81A668-BBC7-477F-8DD7-CF7620D4C6F3}.Release|Any CPU.Build.0 = Release|Any CPU
		{04ED367F-5AAD-4C49-8F2C-1CD78307A9F4}.Debug|Any CPU.ActiveCfg = Debug|Any CPU
		{04ED367F-5AAD-4C49-8F2C-1CD78307A9F4}.Debug|Any CPU.Build.0 = Debug|Any CPU
		{04ED367F-5AAD-4C49-8F2C-1CD78307A9F4}.Release|Any CPU.ActiveCfg = Release|Any CPU
		{04ED367F-5AAD-4C49-8F2C-1CD78307A9F4}.Release|Any CPU.Build.0 = Release|Any CPU
		{EE6E7CE0-ED04-47CE-995B-613C99539AA7}.Debug|Any CPU.ActiveCfg = Debug|Any CPU
		{EE6E7CE0-ED04-47CE-995B-613C99539AA7}.Debug|Any CPU.Build.0 = Debug|Any CPU
		{EE6E7CE0-ED04-47CE-995B-613C99539AA7}.Release|Any CPU.ActiveCfg = Release|Any CPU
		{EE6E7CE0-ED04-47CE-995B-613C99539AA7}.Release|Any CPU.Build.0 = Release|Any CPU
	EndGlobalSection
	GlobalSection(SolutionProperties) = preSolution
		HideSolutionNode = FALSE
	EndGlobalSection
	GlobalSection(ExtensibilityGlobals) = postSolution
		SolutionGuid = {D5FC5A96-EA09-4FE9-9E07-1F867754B31F}
	EndGlobalSection
EndGlobal
